
Microsoft Visual Studio Solution File, Format Version 12.00
# Visual Studio Version 17
VisualStudioVersion = 17.4.33103.184
MinimumVisualStudioVersion = 10.0.40219.1
Project("{9A19103F-16F7-4668-BE54-9A1E7A4F7556}") = "Trending News", "Trending News.csproj", "{1A0EA311-10F5-4613-A405-A4A97302ACA4}"
EndProject
Global
	GlobalSection(SolutionConfigurationPlatforms) = preSolution
		Debug|Any CPU = Debug|Any CPU
		Release|Any CPU = Release|Any CPU
	EndGlobalSection
	GlobalSection(ProjectConfigurationPlatforms) = postSolution
		{1A0EA311-10F5-4613-A405-A4A97302ACA4}.Debug|Any CPU.ActiveCfg = Debug|Any CPU
		{1A0EA311-10F5-4613-A405-A4A97302ACA4}.Debug|Any CPU.Build.0 = Debug|Any CPU
		{1A0EA311-10F5-4613-A405-A4A97302ACA4}.Release|Any CPU.ActiveCfg = Release|Any CPU
		{1A0EA311-10F5-4613-A405-A4A97302ACA4}.Release|Any CPU.Build.0 = Release|Any CPU
	EndGlobalSection
	GlobalSection(SolutionProperties) = preSolution
		HideSolutionNode = FALSE
	EndGlobalSection
	GlobalSection(ExtensibilityGlobals) = postSolution
		SolutionGuid = {516B154B-FA15-455E-958B-C6B13A61F639}
	EndGlobalSection
EndGlobal
